packages:
  - name: dbt_utils
    package: dbt-labs/dbt_utils
    version: 1.3.3
  - name: fivetran_utils
    package: fivetran/fivetran_utils
    version: 0.4.11
  - name: dbt_project_evaluator
    package: dbt-labs/dbt_project_evaluator
    version: 1.2.3
sha1_hash: a8a25942bb079788bf7ed9767907d2a2650191b5
